{
    "name": "cleep-frontend",
    "version": "0.0.0",
    "lockfileVersion": 1,
    "requires": true,
    "dependencies": {
        "@mdi/font": {
            "version": "5.2.45",
            "resolved": "https://registry.npmjs.org/@mdi/font/-/font-5.2.45.tgz",
            "integrity": "sha512-3ReoMrZh2OJR8loD7to2hheYWh6pD+ypv6EpuvnEvoR04fsShwpDfS2ZErM3k98REEk4XIqPzuctAztmhWm+Pw=="
        },
        "angular": {
            "version": "1.7.9",
            "resolved": "https://registry.npmjs.org/angular/-/angular-1.7.9.tgz",
            "integrity": "sha512-5se7ZpcOtu0MBFlzGv5dsM1quQDoDeUTwZrWjGtTNA7O88cD8TEk5IEKCTDa3uECV9XnvKREVUr7du1ACiWGFQ=="
        },
        "angular-animate": {
            "version": "1.7.9",
            "resolved": "https://registry.npmjs.org/angular-animate/-/angular-animate-1.7.9.tgz",
            "integrity": "sha512-fV+AISy/HTzurQH2ngsJg+lLIvfu0ahc1h4AYKauaXVw97rZc2k4iUA1bMstiEyClsdayQX568kjQc1NK+oYhw=="
        },
        "angular-aria": {
            "version": "1.7.9",
            "resolved": "https://registry.npmjs.org/angular-aria/-/angular-aria-1.7.9.tgz",
            "integrity": "sha512-luI3Jemd1AbOQW0krdzfEG3fM0IFtLY0bSSqIDEx3POE0XjKIC1MkrO8Csyq9PPgueLphyAPofzUwZ8YeZ88SA=="
        },
        "angular-base64": {
            "version": "2.0.5",
            "resolved": "https://registry.npmjs.org/angular-base64/-/angular-base64-2.0.5.tgz",
            "integrity": "sha1-EyVVYq0cjoygm5xLH075ZqxM0JM=",
            "requires": {
                "angular": ">= 1.0.8"
            }
        },
        "angular-block-ui": {
            "version": "0.2.2",
            "resolved": "https://registry.npmjs.org/angular-block-ui/-/angular-block-ui-0.2.2.tgz",
            "integrity": "sha1-RmYTzYCtKG60tYjPztAP7GrF6XU="
        },
        "angular-daterangepicker": {
            "version": "0.2.3-alpha1",
            "resolved": "https://registry.npmjs.org/angular-daterangepicker/-/angular-daterangepicker-0.2.3-alpha1.tgz",
            "integrity": "sha1-bNg+xKVV9K7oguIT1wmb2FnWzOg=",
            "requires": {
                "angular": "^1.2.17",
                "bootstrap": "^3.0.0",
                "bootstrap-daterangepicker": "^2.0.0"
            }
        },
        "angular-konami": {
            "version": "0.2.0",
            "resolved": "https://registry.npmjs.org/angular-konami/-/angular-konami-0.2.0.tgz",
            "integrity": "sha1-zuN0oEYdRk5snII9CFnRHRnEBcc="
        },
        "angular-material": {
            "version": "1.1.22",
            "resolved": "https://registry.npmjs.org/angular-material/-/angular-material-1.1.22.tgz",
            "integrity": "sha512-GT8bDfKWj3xIzzYna+adhyim84B2KkqgXozyEZFAbA9yaDTKe4dV1gXA0SXzeCy0aWyVXwfrxrGt4nKjgVMi7g=="
        },
        "angular-material-data-table": {
            "version": "0.10.10",
            "resolved": "https://registry.npmjs.org/angular-material-data-table/-/angular-material-data-table-0.10.10.tgz",
            "integrity": "sha1-IptAJ0XsGhRvB9qNHlJr5lQISe4="
        },
        "angular-messages": {
            "version": "1.7.9",
            "resolved": "https://registry.npmjs.org/angular-messages/-/angular-messages-1.7.9.tgz",
            "integrity": "sha512-OdJihuO6AW+m1/r9OdW5riCwacn3dL1agQvgu6Cww3a7OARXXN0vxOpsZCNk4yg4CuD7Et3tiz4DymhvZkydvw=="
        },
        "angular-route": {
            "version": "1.7.9",
            "resolved": "https://registry.npmjs.org/angular-route/-/angular-route-1.7.9.tgz",
            "integrity": "sha512-vRoj5hzdQtWbODhWJqDzD1iNOEfCKshO6GFBuPVV7RHlPjzIc4R2dHCc7Qiv/8F3LDxJDohc6vSnTDMLHuaqeA=="
        },
        "angular-sanitize": {
            "version": "1.7.9",
            "resolved": "https://registry.npmjs.org/angular-sanitize/-/angular-sanitize-1.7.9.tgz",
            "integrity": "sha512-nB/xe7JQWF9nLvhHommAICQ3eWrfRETo0EVGFESi952CDzDa+GAJ/2BFBNw44QqQPxj1Xua/uYKrbLsOGWZdbQ=="
        },
        "bootstrap": {
            "version": "3.4.1",
            "resolved": "https://registry.npmjs.org/bootstrap/-/bootstrap-3.4.1.tgz",
            "integrity": "sha512-yN5oZVmRCwe5aKwzRj6736nSmKDX7pLYwsXiCj/EYmo16hODaBiT4En5btW/jhBF/seV+XMx3aYwukYC3A49DA=="
        },
        "bootstrap-daterangepicker": {
            "version": "2.1.30",
            "resolved": "https://registry.npmjs.org/bootstrap-daterangepicker/-/bootstrap-daterangepicker-2.1.30.tgz",
            "integrity": "sha1-+JPb//Wk19+qt1Rg6OppabuJaJo=",
            "requires": {
                "jquery": ">=1.10",
                "moment": "^2.9.0"
            }
        },
        "codemirror-minified": {
            "version": "5.53.2",
            "resolved": "https://registry.npmjs.org/codemirror-minified/-/codemirror-minified-5.53.2.tgz",
            "integrity": "sha512-tijWegxHlww4nWa/z1LRrfkyZztbzqX/7i/BNfE1g1QAX+AIJjiQHfyJdc+UQgFg2vuxFPDTxmuD5/3HPaQq4Q=="
        },
        "jquery": {
            "version": "3.5.1",
            "resolved": "https://registry.npmjs.org/jquery/-/jquery-3.5.1.tgz",
            "integrity": "sha512-XwIBPqcMn57FxfT+Go5pzySnm4KWkT1Tv7gjrpT1srtf8Weynl6R273VJ5GjkRb51IzMp5nbaPjJXMWeju2MKg=="
        },
        "moment": {
            "version": "2.25.3",
            "resolved": "https://registry.npmjs.org/moment/-/moment-2.25.3.tgz",
            "integrity": "sha512-PuYv0PHxZvzc15Sp8ybUCoQ+xpyPWvjOuK72a5ovzp2LI32rJXOiIfyoFoYvG3s6EwwrdkMyWuRiEHSZRLJNdg=="
        },
        "oclazyload": {
            "version": "1.1.0",
            "resolved": "https://registry.npmjs.org/oclazyload/-/oclazyload-1.1.0.tgz",
            "integrity": "sha1-qYBzIvGQggqBwCLy7xcB0DbYPoc="
        }
    }
}
